
Microsoft Visual Studio Solution File, Format Version 12.00
# Visual Studio Version 17
VisualStudioVersion = 17.7.34031.279
MinimumVisualStudioVersion = 10.0.40219.1
Project("{FAE04EC0-301F-11D3-BF4B-00C04F79EFBC}") = "ChampManage.MAUI", "ChampManage.MAUI\ChampManage.MAUI.csproj", "{2B4EE14E-8351-4F01-A4C3-47E09E170BA4}"
EndProject
Global
	GlobalSection(SolutionConfigurationPlatforms) = preSolution
		Debug|Any CPU = Debug|Any CPU
		Release|Any CPU = Release|Any CPU
	EndGlobalSection
	GlobalSection(ProjectConfigurationPlatforms) = postSolution
		{2B4EE14E-8351-4F01-A4C3-47E09E170BA4}.Debug|Any CPU.ActiveCfg = Debug|Any CPU
		{2B4EE14E-8351-4F01-A4C3-47E09E170BA4}.Debug|Any CPU.Build.0 = Debug|Any CPU
		{2B4EE14E-8351-4F01-A4C3-47E09E170BA4}.Debug|Any CPU.Deploy.0 = Debug|Any CPU
		{2B4EE14E-8351-4F01-A4C3-47E09E170BA4}.Release|Any CPU.ActiveCfg = Release|Any CPU
		{2B4EE14E-8351-4F01-A4C3-47E09E170BA4}.Release|Any CPU.Build.0 = Release|Any CPU
		{2B4EE14E-8351-4F01-A4C3-47E09E170BA4}.Release|Any CPU.Deploy.0 = Release|Any CPU
	EndGlobalSection
	GlobalSection(SolutionProperties) = preSolution
		HideSolutionNode = FALSE
	EndGlobalSection
	GlobalSection(ExtensibilityGlobals) = postSolution
		SolutionGuid = {00D4C557-672F-4741-BF28-2088C608B731}
	EndGlobalSection
EndGlobal
